
Microsoft Visual Studio Solution File, Format Version 12.00
# Visual Studio Version 16
VisualStudioVersion = 16.0.30523.141
MinimumVisualStudioVersion = 10.0.40219.1
Project("{9A19103F-16F7-4668-BE54-9A1E7A4F7556}") = "NUnitTestProject1", "NUnitTestProject1\NUnitTestProject1.csproj", "{13FB7644-0001-4014-8B54-2E700343ACB4}"
EndProject
Project("{FAE04EC0-301F-11D3-BF4B-00C04F79EFBC}") = "Cash", "..\..\Krzysiek.Gibert\MoneyZPSB\Money\Cash.csproj", "{5B5AA0FF-4AEB-40E2-85AA-16F2B9FCAF5C}"
EndProject
Project("{FAE04EC0-301F-11D3-BF4B-00C04F79EFBC}") = "SpecFlowProject1", "SpecFlowProject1\SpecFlowProject1\SpecFlowProject1.csproj", "{60508522-604A-46A9-9E93-6092BAE482D2}"
EndProject
Global
	GlobalSection(SolutionConfigurationPlatforms) = preSolution
		Debug|Any CPU = Debug|Any CPU
		Release|Any CPU = Release|Any CPU
	EndGlobalSection
	GlobalSection(ProjectConfigurationPlatforms) = postSolution
		{13FB7644-0001-4014-8B54-2E700343ACB4}.Debug|Any CPU.ActiveCfg = Debug|Any CPU
		{13FB7644-0001-4014-8B54-2E700343ACB4}.Debug|Any CPU.Build.0 = Debug|Any CPU
		{13FB7644-0001-4014-8B54-2E700343ACB4}.Release|Any CPU.ActiveCfg = Release|Any CPU
		{13FB7644-0001-4014-8B54-2E700343ACB4}.Release|Any CPU.Build.0 = Release|Any CPU
		{5B5AA0FF-4AEB-40E2-85AA-16F2B9FCAF5C}.Debug|Any CPU.ActiveCfg = Debug|Any CPU
		{5B5AA0FF-4AEB-40E2-85AA-16F2B9FCAF5C}.Debug|Any CPU.Build.0 = Debug|Any CPU
		{5B5AA0FF-4AEB-40E2-85AA-16F2B9FCAF5C}.Release|Any CPU.ActiveCfg = Release|Any CPU
		{5B5AA0FF-4AEB-40E2-85AA-16F2B9FCAF5C}.Release|Any CPU.Build.0 = Release|Any CPU
		{60508522-604A-46A9-9E93-6092BAE482D2}.Debug|Any CPU.ActiveCfg = Debug|Any CPU
		{60508522-604A-46A9-9E93-6092BAE482D2}.Debug|Any CPU.Build.0 = Debug|Any CPU
		{60508522-604A-46A9-9E93-6092BAE482D2}.Release|Any CPU.ActiveCfg = Release|Any CPU
		{60508522-604A-46A9-9E93-6092BAE482D2}.Release|Any CPU.Build.0 = Release|Any CPU
	EndGlobalSection
	GlobalSection(SolutionProperties) = preSolution
		HideSolutionNode = FALSE
	EndGlobalSection
	GlobalSection(ExtensibilityGlobals) = postSolution
		SolutionGuid = {BAD9A3A3-EDD8-44DB-AC41-8E348FE8B098}
	EndGlobalSection
EndGlobal
