
Microsoft Visual Studio Solution File, Format Version 12.00
# Visual Studio Version 16
VisualStudioVersion = 16.0.29911.84
MinimumVisualStudioVersion = 10.0.40219.1
Project("{FAE04EC0-301F-11D3-BF4B-00C04F79EFBC}") = "SpecFlowProject2", "SpecFlowProject2\SpecFlowProject2.csproj", "{39C18506-3DE5-4BBB-A99D-B335902D0F2D}"
EndProject
Global
	GlobalSection(SolutionConfigurationPlatforms) = preSolution
		Debug|Any CPU = Debug|Any CPU
		Release|Any CPU = Release|Any CPU
	EndGlobalSection
	GlobalSection(ProjectConfigurationPlatforms) = postSolution
		{39C18506-3DE5-4BBB-A99D-B335902D0F2D}.Debug|Any CPU.ActiveCfg = Debug|Any CPU
		{39C18506-3DE5-4BBB-A99D-B335902D0F2D}.Debug|Any CPU.Build.0 = Debug|Any CPU
		{39C18506-3DE5-4BBB-A99D-B335902D0F2D}.Release|Any CPU.ActiveCfg = Release|Any CPU
		{39C18506-3DE5-4BBB-A99D-B335902D0F2D}.Release|Any CPU.Build.0 = Release|Any CPU
	EndGlobalSection
	GlobalSection(SolutionProperties) = preSolution
		HideSolutionNode = FALSE
	EndGlobalSection
	GlobalSection(ExtensibilityGlobals) = postSolution
		SolutionGuid = {AA7FC2BA-BBD7-412A-B66B-015DDCB62899}
	EndGlobalSection
EndGlobal
