
Microsoft Visual Studio Solution File, Format Version 12.00
# Visual Studio Version 16
VisualStudioVersion = 16.0.30523.141
MinimumVisualStudioVersion = 10.0.40219.1
Project("{9A19103F-16F7-4668-BE54-9A1E7A4F7556}") = "NUnitTestProject1", "NUnitTestProject1\NUnitTestProject1.csproj", "{CCBA5679-234E-4928-A030-395224116D8D}"
EndProject
Project("{FAE04EC0-301F-11D3-BF4B-00C04F79EFBC}") = "Cash", "..\..\Krzysiek.Gibert\MoneyZPSB\Money\Cash.csproj", "{5B5AA0FF-4AEB-40E2-85AA-16F2B9FCAF5C}"
EndProject
Global
	GlobalSection(SolutionConfigurationPlatforms) = preSolution
		Debug|Any CPU = Debug|Any CPU
		Release|Any CPU = Release|Any CPU
	EndGlobalSection
	GlobalSection(ProjectConfigurationPlatforms) = postSolution
		{CCBA5679-234E-4928-A030-395224116D8D}.Debug|Any CPU.ActiveCfg = Debug|Any CPU
		{CCBA5679-234E-4928-A030-395224116D8D}.Debug|Any CPU.Build.0 = Debug|Any CPU
		{CCBA5679-234E-4928-A030-395224116D8D}.Release|Any CPU.ActiveCfg = Release|Any CPU
		{CCBA5679-234E-4928-A030-395224116D8D}.Release|Any CPU.Build.0 = Release|Any CPU
		{5B5AA0FF-4AEB-40E2-85AA-16F2B9FCAF5C}.Debug|Any CPU.ActiveCfg = Debug|Any CPU
		{5B5AA0FF-4AEB-40E2-85AA-16F2B9FCAF5C}.Debug|Any CPU.Build.0 = Debug|Any CPU
		{5B5AA0FF-4AEB-40E2-85AA-16F2B9FCAF5C}.Release|Any CPU.ActiveCfg = Release|Any CPU
		{5B5AA0FF-4AEB-40E2-85AA-16F2B9FCAF5C}.Release|Any CPU.Build.0 = Release|Any CPU
	EndGlobalSection
	GlobalSection(SolutionProperties) = preSolution
		HideSolutionNode = FALSE
	EndGlobalSection
	GlobalSection(ExtensibilityGlobals) = postSolution
		SolutionGuid = {5C77E8B7-13C3-4D85-8AAF-4973D66D2D37}
	EndGlobalSection
EndGlobal
